
Microsoft Visual Studio Solution File, Format Version 12.00
# Visual Studio Version 17
VisualStudioVersion = 17.14.37614.0
MinimumVisualStudioVersion = 10.0.40219.1
Project("{FAE04EC0-301F-11D3-BF4B-00C04F79EFBC}") = "CapaModelo_prototipoumg2k26", "CapaModelo_prototipoumg2k26\CapaModelo_prototipoumg2k26.csproj", "{7D387899-984B-43C7-8EC3-C526E5FA3198}"
EndProject
Project("{FAE04EC0-301F-11D3-BF4B-00C04F79EFBC}") = "CapaControlador_prototipoumg2k26", "CapaControlador_prototipoumg2k26\CapaControlador_prototipoumg2k26.csproj", "{AD439CC0-E469-4A49-BA4A-944CDAE95DAB}"
EndProject
Project("{FAE04EC0-301F-11D3-BF4B-00C04F79EFBC}") = "CapaVista_prototipoumg2k26", "CapaVista_prototipoumg2k26\CapaVista_prototipoumg2k26.csproj", "{0106EFA3-52DE-4643-90BB-05A3C24C824F}"
EndProject
Global
	GlobalSection(SolutionConfigurationPlatforms) = preSolution
		Debug|Any CPU = Debug|Any CPU
		Release|Any CPU = Release|Any CPU
	EndGlobalSection
	GlobalSection(ProjectConfigurationPlatforms) = postSolution
		{7D387899-984B-43C7-8EC3-C526E5FA3198}.Debug|Any CPU.ActiveCfg = Debug|Any CPU
		{7D387899-984B-43C7-8EC3-C526E5FA3198}.Debug|Any CPU.Build.0 = Debug|Any CPU
		{7D387899-984B-43C7-8EC3-C526E5FA3198}.Release|Any CPU.ActiveCfg = Release|Any CPU
		{7D387899-984B-43C7-8EC3-C526E5FA3198}.Release|Any CPU.Build.0 = Release|Any CPU
		{AD439CC0-E469-4A49-BA4A-944CDAE95DAB}.Debug|Any CPU.ActiveCfg = Debug|Any CPU
		{AD439CC0-E469-4A49-BA4A-944CDAE95DAB}.Debug|Any CPU.Build.0 = Debug|Any CPU
		{AD439CC0-E469-4A49-BA4A-944CDAE95DAB}.Release|Any CPU.ActiveCfg = Release|Any CPU
		{AD439CC0-E469-4A49-BA4A-944CDAE95DAB}.Release|Any CPU.Build.0 = Release|Any CPU
		{0106EFA3-52DE-4643-90BB-05A3C24C824F}.Debug|Any CPU.ActiveCfg = Debug|Any CPU
		{0106EFA3-52DE-4643-90BB-05A3C24C824F}.Debug|Any CPU.Build.0 = Debug|Any CPU
		{0106EFA3-52DE-4643-90BB-05A3C24C824F}.Release|Any CPU.ActiveCfg = Release|Any CPU
		{0106EFA3-52DE-4643-90BB-05A3C24C824F}.Release|Any CPU.Build.0 = Release|Any CPU
	EndGlobalSection
	GlobalSection(SolutionProperties) = preSolution
		HideSolutionNode = FALSE
	EndGlobalSection
	GlobalSection(ExtensibilityGlobals) = postSolution
		SolutionGuid = {DE41329D-654D-4519-B99E-B3062965D4B8}
	EndGlobalSection
EndGlobal
