
Microsoft Visual Studio Solution File, Format Version 12.00
# Visual Studio Version 17
VisualStudioVersion = 17.14.37614.0 d17.14
MinimumVisualStudioVersion = 10.0.40219.1
Project("{FAE04EC0-301F-11D3-BF4B-00C04F79EFBC}") = "Capa_Modelo_ComboI", "Capa_Modelo_ComboI\Capa_Modelo_ComboI.csproj", "{388D9137-BC92-4781-A750-865097388204}"
EndProject
Project("{FAE04EC0-301F-11D3-BF4B-00C04F79EFBC}") = "Capa_Controlador_ComboI", "Capa_Controlador_ComboI\Capa_Controlador_ComboI.csproj", "{A2E7B064-EDE1-4CFC-B092-B50E0C7BA66E}"
EndProject
Project("{FAE04EC0-301F-11D3-BF4B-00C04F79EFBC}") = "Capa_Vista_ComboI", "Capa_Vista_ComboI\Capa_Vista_ComboI.csproj", "{DFF0F221-D65B-4A5A-8BFA-573AA8717AAB}"
EndProject
Global
	GlobalSection(SolutionConfigurationPlatforms) = preSolution
		Debug|Any CPU = Debug|Any CPU
		Release|Any CPU = Release|Any CPU
	EndGlobalSection
	GlobalSection(ProjectConfigurationPlatforms) = postSolution
		{388D9137-BC92-4781-A750-865097388204}.Debug|Any CPU.ActiveCfg = Debug|Any CPU
		{388D9137-BC92-4781-A750-865097388204}.Debug|Any CPU.Build.0 = Debug|Any CPU
		{388D9137-BC92-4781-A750-865097388204}.Release|Any CPU.ActiveCfg = Release|Any CPU
		{388D9137-BC92-4781-A750-865097388204}.Release|Any CPU.Build.0 = Release|Any CPU
		{A2E7B064-EDE1-4CFC-B092-B50E0C7BA66E}.Debug|Any CPU.ActiveCfg = Debug|Any CPU
		{A2E7B064-EDE1-4CFC-B092-B50E0C7BA66E}.Debug|Any CPU.Build.0 = Debug|Any CPU
		{A2E7B064-EDE1-4CFC-B092-B50E0C7BA66E}.Release|Any CPU.ActiveCfg = Release|Any CPU
		{A2E7B064-EDE1-4CFC-B092-B50E0C7BA66E}.Release|Any CPU.Build.0 = Release|Any CPU
		{DFF0F221-D65B-4A5A-8BFA-573AA8717AAB}.Debug|Any CPU.ActiveCfg = Debug|Any CPU
		{DFF0F221-D65B-4A5A-8BFA-573AA8717AAB}.Debug|Any CPU.Build.0 = Debug|Any CPU
		{DFF0F221-D65B-4A5A-8BFA-573AA8717AAB}.Release|Any CPU.ActiveCfg = Release|Any CPU
		{DFF0F221-D65B-4A5A-8BFA-573AA8717AAB}.Release|Any CPU.Build.0 = Release|Any CPU
	EndGlobalSection
	GlobalSection(SolutionProperties) = preSolution
		HideSolutionNode = FALSE
	EndGlobalSection
	GlobalSection(ExtensibilityGlobals) = postSolution
		SolutionGuid = {3C2CD3BD-F8D8-433B-8490-8A5B1A23E2EC}
	EndGlobalSection
EndGlobal
